
Microsoft Visual Studio Solution File, Format Version 12.00
# Visual Studio Version 16
VisualStudioVersion = 16.0.30907.101
MinimumVisualStudioVersion = 10.0.40219.1
Project("{FAE04EC0-301F-11D3-BF4B-00C04F79EFBC}") = "EkstraOpgave3", "EkstraOpgave3\EkstraOpgave3.csproj", "{98626403-2E0E-4B55-A482-8756BD28D04F}"
EndProject
Global
	GlobalSection(SolutionConfigurationPlatforms) = preSolution
		Debug|Any CPU = Debug|Any CPU
		Release|Any CPU = Release|Any CPU
	EndGlobalSection
	GlobalSection(ProjectConfigurationPlatforms) = postSolution
		{98626403-2E0E-4B55-A482-8756BD28D04F}.Debug|Any CPU.ActiveCfg = Debug|Any CPU
		{98626403-2E0E-4B55-A482-8756BD28D04F}.Debug|Any CPU.Build.0 = Debug|Any CPU
		{98626403-2E0E-4B55-A482-8756BD28D04F}.Release|Any CPU.ActiveCfg = Release|Any CPU
		{98626403-2E0E-4B55-A482-8756BD28D04F}.Release|Any CPU.Build.0 = Release|Any CPU
	EndGlobalSection
	GlobalSection(SolutionProperties) = preSolution
		HideSolutionNode = FALSE
	EndGlobalSection
	GlobalSection(ExtensibilityGlobals) = postSolution
		SolutionGuid = {7E9B8CD3-2620-48A6-9064-525E02D37372}
	EndGlobalSection
EndGlobal
